
Microsoft Visual Studio Solution File, Format Version 12.00
# Visual Studio Version 17
VisualStudioVersion = 17.1.32319.34
MinimumVisualStudioVersion = 10.0.40219.1
Project("{FAE04EC0-301F-11D3-BF4B-00C04F79EFBC}") = "BookApi", "BookApi\BookApi.csproj", "{F746E329-A1FD-4017-8E10-3EBC349CF34E}"
EndProject
Global
	GlobalSection(SolutionConfigurationPlatforms) = preSolution
		Debug|Any CPU = Debug|Any CPU
		Release|Any CPU = Release|Any CPU
	EndGlobalSection
	GlobalSection(ProjectConfigurationPlatforms) = postSolution
		{F746E329-A1FD-4017-8E10-3EBC349CF34E}.Debug|Any CPU.ActiveCfg = Debug|Any CPU
		{F746E329-A1FD-4017-8E10-3EBC349CF34E}.Debug|Any CPU.Build.0 = Debug|Any CPU
		{F746E329-A1FD-4017-8E10-3EBC349CF34E}.Release|Any CPU.ActiveCfg = Release|Any CPU
		{F746E329-A1FD-4017-8E10-3EBC349CF34E}.Release|Any CPU.Build.0 = Release|Any CPU
	EndGlobalSection
	GlobalSection(SolutionProperties) = preSolution
		HideSolutionNode = FALSE
	EndGlobalSection
	GlobalSection(ExtensibilityGlobals) = postSolution
		SolutionGuid = {6F55C0B2-C2F1-46EA-8EB3-98A785BA3DE8}
	EndGlobalSection
EndGlobal
